// !$*UTF8*$!
{
	archiveVersion = 1;
	classes = {
	};
	objectVersion = 50;
	objects = {

/* Begin PBXBuildFile section */
		50562C397FD2BEBD612C2874 /* Pods_CoinsCap_MVVM.framework in Frameworks */ = {isa = PBXBuildFile; fileRef = DDF3BA73EFDEDD067CB14946 /* Pods_CoinsCap_MVVM.framework */; };
		7D38607A674E0374DB06761F /* Pods_CoinsCap_MVVMTests.framework in Frameworks */ = {isa = PBXBuildFile; fileRef = C90EDAD866F22CA13E0E70B5 /* Pods_CoinsCap_MVVMTests.framework */; };
		B20FF24221FDC1AE00DD0FBD /* String+Ext.swift in Sources */ = {isa = PBXBuildFile; fileRef = B20FF24121FDC1AE00DD0FBD /* String+Ext.swift */; };
		B20FF24421FDC23A00DD0FBD /* Fonts.swift in Sources */ = {isa = PBXBuildFile; fileRef = B20FF24321FDC23A00DD0FBD /* Fonts.swift */; };
		B20FF24621FDC2CE00DD0FBD /* Colors.swift in Sources */ = {isa = PBXBuildFile; fileRef = B20FF24521FDC2CE00DD0FBD /* Colors.swift */; };
		B20FF24821FDC41A00DD0FBD /* UIViewController+Ext.swift in Sources */ = {isa = PBXBuildFile; fileRef = B20FF24721FDC41A00DD0FBD /* UIViewController+Ext.swift */; };
		B20FF25021FDE74300DD0FBD /* MainView.swift in Sources */ = {isa = PBXBuildFile; fileRef = B20FF24F21FDE74300DD0FBD /* MainView.swift */; };
		B27CEDB520ECA5E0008911BF /* AppDelegate.swift in Sources */ = {isa = PBXBuildFile; fileRef = B27CEDB420ECA5E0008911BF /* AppDelegate.swift */; };
		B27CEDBC20ECA5E6008911BF /* Assets.xcassets in Resources */ = {isa = PBXBuildFile; fileRef = B27CEDBB20ECA5E6008911BF /* Assets.xcassets */; };
		B27CEDBF20ECA5E6008911BF /* LaunchScreen.storyboard in Resources */ = {isa = PBXBuildFile; fileRef = B27CEDBD20ECA5E6008911BF /* LaunchScreen.storyboard */; };
		B27CEDCA20ECA65B008911BF /* Main.storyboard in Resources */ = {isa = PBXBuildFile; fileRef = B27CEDC920ECA65B008911BF /* Main.storyboard */; };
		B27CEDCE20ECA670008911BF /* MainViewVC.swift in Sources */ = {isa = PBXBuildFile; fileRef = B27CEDCB20ECA670008911BF /* MainViewVC.swift */; };
		B27CEDCF20ECA670008911BF /* CoinsDetailsVC.swift in Sources */ = {isa = PBXBuildFile; fileRef = B27CEDCC20ECA670008911BF /* CoinsDetailsVC.swift */; };
		B27CEDD020ECA670008911BF /* Coin.swift in Sources */ = {isa = PBXBuildFile; fileRef = B27CEDCD20ECA670008911BF /* Coin.swift */; };
		B27CEDD420ECAF01008911BF /* MainViewViewModel.swift in Sources */ = {isa = PBXBuildFile; fileRef = B27CEDD320ECAF01008911BF /* MainViewViewModel.swift */; };
		B27CEDD920ECBAB4008911BF /* WebService.swift in Sources */ = {isa = PBXBuildFile; fileRef = B27CEDD820ECBAB4008911BF /* WebService.swift */; };
		B284C1EE2200DF1500B3E572 /* View+Ext.swift in Sources */ = {isa = PBXBuildFile; fileRef = B284C1ED2200DF1500B3E572 /* View+Ext.swift */; };
		B284C1F12200E20C00B3E572 /* ApplicationCoordinator.swift in Sources */ = {isa = PBXBuildFile; fileRef = B284C1F02200E20C00B3E572 /* ApplicationCoordinator.swift */; };
		B284C1F32200E2C700B3E572 /* DashboardFlowController.swift in Sources */ = {isa = PBXBuildFile; fileRef = B284C1F22200E2C700B3E572 /* DashboardFlowController.swift */; };
		B284C1F62200E46900B3E572 /* Roboto-Bold.ttf in Resources */ = {isa = PBXBuildFile; fileRef = B284C1F52200E46500B3E572 /* Roboto-Bold.ttf */; };
		B284C1F82200EAEE00B3E572 /* MainViewTableCell.swift in Sources */ = {isa = PBXBuildFile; fileRef = B284C1F72200EAEE00B3E572 /* MainViewTableCell.swift */; };
		B29E59D7220379F4005F7E11 /* MainViewModelTest.swift in Sources */ = {isa = PBXBuildFile; fileRef = B29E59D6220379F4005F7E11 /* MainViewModelTest.swift */; };
		B29E59DA22037AD3005F7E11 /* WebServiceMock.swift in Sources */ = {isa = PBXBuildFile; fileRef = B29E59D922037AD3005F7E11 /* WebServiceMock.swift */; };
		B29E59DC22037CAD005F7E11 /* Errors.swift in Sources */ = {isa = PBXBuildFile; fileRef = B29E59DB22037CAD005F7E11 /* Errors.swift */; };
		B29E59DE22038611005F7E11 /* WebServiceTest.swift in Sources */ = {isa = PBXBuildFile; fileRef = B29E59DD22038611005F7E11 /* WebServiceTest.swift */; };
/* End PBXBuildFile section */

/* Begin PBXContainerItemProxy section */
		B29E59CE2203772B005F7E11 /* PBXContainerItemProxy */ = {
			isa = PBXContainerItemProxy;
			containerPortal = B27CEDA920ECA5E0008911BF /* Project object */;
			proxyType = 1;
			remoteGlobalIDString = B27CEDB020ECA5E0008911BF;
			remoteInfo = CoinsCap_MVVM;
		};
/* End PBXContainerItemProxy section */

/* Begin PBXFileReference section */
		1C15F0C6221DC3EDEDDE803F /* Pods-CoinsCap_MVVMTests.debug.xcconfig */ = {isa = PBXFileReference; includeInIndex = 1; lastKnownFileType = text.xcconfig; name = "Pods-CoinsCap_MVVMTests.debug.xcconfig"; path = "Pods/Target Support Files/Pods-CoinsCap_MVVMTests/Pods-CoinsCap_MVVMTests.debug.xcconfig"; sourceTree = "<group>"; };
		41BCE05825F916F9D360A412 /* Pods-CoinsCap_MVVM.debug.xcconfig */ = {isa = PBXFileReference; includeInIndex = 1; lastKnownFileType = text.xcconfig; name = "Pods-CoinsCap_MVVM.debug.xcconfig"; path = "Pods/Target Support Files/Pods-CoinsCap_MVVM/Pods-CoinsCap_MVVM.debug.xcconfig"; sourceTree = "<group>"; };
		B20FF24121FDC1AE00DD0FBD /* String+Ext.swift */ = {isa = PBXFileReference; lastKnownFileType = sourcecode.swift; path = "String+Ext.swift"; sourceTree = "<group>"; };
		B20FF24321FDC23A00DD0FBD /* Fonts.swift */ = {isa = PBXFileReference; lastKnownFileType = sourcecode.swift; path = Fonts.swift; sourceTree = "<group>"; };
		B20FF24521FDC2CE00DD0FBD /* Colors.swift */ = {isa = PBXFileReference; lastKnownFileType = sourcecode.swift; path = Colors.swift; sourceTree = "<group>"; };
		B20FF24721FDC41A00DD0FBD /* UIViewController+Ext.swift */ = {isa = PBXFileReference; lastKnownFileType = sourcecode.swift; path = "UIViewController+Ext.swift"; sourceTree = "<group>"; };
		B20FF24F21FDE74300DD0FBD /* MainView.swift */ = {isa = PBXFileReference; lastKnownFileType = sourcecode.swift; path = MainView.swift; sourceTree = "<group>"; };
		B27CEDB120ECA5E0008911BF /* CoinsCap_MVVM.app */ = {isa = PBXFileReference; explicitFileType = wrapper.application; includeInIndex = 0; path = CoinsCap_MVVM.app; sourceTree = BUILT_PRODUCTS_DIR; };
		B27CEDB420ECA5E0008911BF /* AppDelegate.swift */ = {isa = PBXFileReference; lastKnownFileType = sourcecode.swift; path = AppDelegate.swift; sourceTree = "<group>"; };
		B27CEDBB20ECA5E6008911BF /* Assets.xcassets */ = {isa = PBXFileReference; lastKnownFileType = folder.assetcatalog; path = Assets.xcassets; sourceTree = "<group>"; };
		B27CEDBE20ECA5E6008911BF /* Base */ = {isa = PBXFileReference; lastKnownFileType = file.storyboard; name = Base; path = Base.lproj/LaunchScreen.storyboard; sourceTree = "<group>"; };
		B27CEDC020ECA5E6008911BF /* Info.plist */ = {isa = PBXFileReference; lastKnownFileType = text.plist.xml; path = Info.plist; sourceTree = "<group>"; };
		B27CEDC920ECA65B008911BF /* Main.storyboard */ = {isa = PBXFileReference; fileEncoding = 4; lastKnownFileType = file.storyboard; path = Main.storyboard; sourceTree = "<group>"; };
		B27CEDCB20ECA670008911BF /* MainViewVC.swift */ = {isa = PBXFileReference; fileEncoding = 4; lastKnownFileType = sourcecode.swift; path = MainViewVC.swift; sourceTree = "<group>"; };
		B27CEDCC20ECA670008911BF /* CoinsDetailsVC.swift */ = {isa = PBXFileReference; fileEncoding = 4; lastKnownFileType = sourcecode.swift; path = CoinsDetailsVC.swift; sourceTree = "<group>"; };
		B27CEDCD20ECA670008911BF /* Coin.swift */ = {isa = PBXFileReference; fileEncoding = 4; lastKnownFileType = sourcecode.swift; path = Coin.swift; sourceTree = "<group>"; };
		B27CEDD320ECAF01008911BF /* MainViewViewModel.swift */ = {isa = PBXFileReference; lastKnownFileType = sourcecode.swift; path = MainViewViewModel.swift; sourceTree = "<group>"; };
		B27CEDD820ECBAB4008911BF /* WebService.swift */ = {isa = PBXFileReference; lastKnownFileType = sourcecode.swift; path = WebService.swift; sourceTree = "<group>"; };
		B284C1ED2200DF1500B3E572 /* View+Ext.swift */ = {isa = PBXFileReference; lastKnownFileType = sourcecode.swift; path = "View+Ext.swift"; sourceTree = "<group>"; };
		B284C1F02200E20C00B3E572 /* ApplicationCoordinator.swift */ = {isa = PBXFileReference; lastKnownFileType = sourcecode.swift; path = ApplicationCoordinator.swift; sourceTree = "<group>"; };
		B284C1F22200E2C700B3E572 /* DashboardFlowController.swift */ = {isa = PBXFileReference; lastKnownFileType = sourcecode.swift; path = DashboardFlowController.swift; sourceTree = "<group>"; };
		B284C1F52200E46500B3E572 /* Roboto-Bold.ttf */ = {isa = PBXFileReference; lastKnownFileType = file; path = "Roboto-Bold.ttf"; sourceTree = "<group>"; };
		B284C1F72200EAEE00B3E572 /* MainViewTableCell.swift */ = {isa = PBXFileReference; lastKnownFileType = sourcecode.swift; path = MainViewTableCell.swift; sourceTree = "<group>"; };
		B29E59C92203772B005F7E11 /* CoinsCap_MVVMTests.xctest */ = {isa = PBXFileReference; explicitFileType = wrapper.cfbundle; includeInIndex = 0; path = CoinsCap_MVVMTests.xctest; sourceTree = BUILT_PRODUCTS_DIR; };
		B29E59CD2203772B005F7E11 /* Info.plist */ = {isa = PBXFileReference; lastKnownFileType = text.plist.xml; path = Info.plist; sourceTree = "<group>"; };
		B29E59D5220379F4005F7E11 /* CoinsCap_MVVMTests-Bridging-Header.h */ = {isa = PBXFileReference; lastKnownFileType = sourcecode.c.h; path = "CoinsCap_MVVMTests-Bridging-Header.h"; sourceTree = "<group>"; };
		B29E59D6220379F4005F7E11 /* MainViewModelTest.swift */ = {isa = PBXFileReference; lastKnownFileType = sourcecode.swift; path = MainViewModelTest.swift; sourceTree = "<group>"; };
		B29E59D922037AD3005F7E11 /* WebServiceMock.swift */ = {isa = PBXFileReference; lastKnownFileType = sourcecode.swift; path = WebServiceMock.swift; sourceTree = "<group>"; };
		B29E59DB22037CAD005F7E11 /* Errors.swift */ = {isa = PBXFileReference; lastKnownFileType = sourcecode.swift; path = Errors.swift; sourceTree = "<group>"; };
		B29E59DD22038611005F7E11 /* WebServiceTest.swift */ = {isa = PBXFileReference; lastKnownFileType = sourcecode.swift; path = WebServiceTest.swift; sourceTree = "<group>"; };
		C90EDAD866F22CA13E0E70B5 /* Pods_CoinsCap_MVVMTests.framework */ = {isa = PBXFileReference; explicitFileType = wrapper.framework; includeInIndex = 0; path = Pods_CoinsCap_MVVMTests.framework; sourceTree = BUILT_PRODUCTS_DIR; };
		D807D559C75A0F71676A82BE /* Pods-CoinsCap_MVVMTests.release.xcconfig */ = {isa = PBXFileReference; includeInIndex = 1; lastKnownFileType = text.xcconfig; name = "Pods-CoinsCap_MVVMTests.release.xcconfig"; path = "Pods/Target Support Files/Pods-CoinsCap_MVVMTests/Pods-CoinsCap_MVVMTests.release.xcconfig"; sourceTree = "<group>"; };
		DDF3BA73EFDEDD067CB14946 /* Pods_CoinsCap_MVVM.framework */ = {isa = PBXFileReference; explicitFileType = wrapper.framework; includeInIndex = 0; path = Pods_CoinsCap_MVVM.framework; sourceTree = BUILT_PRODUCTS_DIR; };
		EB1F7C9EB022B94CEDFC603C /* Pods-CoinsCap_MVVM.release.xcconfig */ = {isa = PBXFileReference; includeInIndex = 1; lastKnownFileType = text.xcconfig; name = "Pods-CoinsCap_MVVM.release.xcconfig"; path = "Pods/Target Support Files/Pods-CoinsCap_MVVM/Pods-CoinsCap_MVVM.release.xcconfig"; sourceTree = "<group>"; };
/* End PBXFileReference section */

/* Begin PBXFrameworksBuildPhase section */
		B27CEDAE20ECA5E0008911BF /* Frameworks */ = {
			isa = PBXFrameworksBuildPhase;
			buildActionMask = 2147483647;
			files = (
				50562C397FD2BEBD612C2874 /* Pods_CoinsCap_MVVM.framework in Frameworks */,
			);
			runOnlyForDeploymentPostprocessing = 0;
		};
		B29E59C62203772B005F7E11 /* Frameworks */ = {
			isa = PBXFrameworksBuildPhase;
			buildActionMask = 2147483647;
			files = (
				7D38607A674E0374DB06761F /* Pods_CoinsCap_MVVMTests.framework in Frameworks */,
			);
			runOnlyForDeploymentPostprocessing = 0;
		};
/* End PBXFrameworksBuildPhase section */

/* Begin PBXGroup section */
		2F10492335D7AD56CFE4222E /* Frameworks */ = {
			isa = PBXGroup;
			children = (
				DDF3BA73EFDEDD067CB14946 /* Pods_CoinsCap_MVVM.framework */,
				C90EDAD866F22CA13E0E70B5 /* Pods_CoinsCap_MVVMTests.framework */,
			);
			name = Frameworks;
			sourceTree = "<group>";
		};
		89D46482D29D45AA749D7534 /* Pods */ = {
			isa = PBXGroup;
			children = (
				41BCE05825F916F9D360A412 /* Pods-CoinsCap_MVVM.debug.xcconfig */,
				EB1F7C9EB022B94CEDFC603C /* Pods-CoinsCap_MVVM.release.xcconfig */,
				1C15F0C6221DC3EDEDDE803F /* Pods-CoinsCap_MVVMTests.debug.xcconfig */,
				D807D559C75A0F71676A82BE /* Pods-CoinsCap_MVVMTests.release.xcconfig */,
			);
			name = Pods;
			sourceTree = "<group>";
		};
		B20FF24021FDC19000DD0FBD /* Helpers */ = {
			isa = PBXGroup;
			children = (
				B20FF24121FDC1AE00DD0FBD /* String+Ext.swift */,
				B20FF24521FDC2CE00DD0FBD /* Colors.swift */,
				B20FF24721FDC41A00DD0FBD /* UIViewController+Ext.swift */,
				B284C1ED2200DF1500B3E572 /* View+Ext.swift */,
				B29E59DB22037CAD005F7E11 /* Errors.swift */,
			);
			path = Helpers;
			sourceTree = "<group>";
		};
		B20FF24921FDE67700DD0FBD /* MainView */ = {
			isa = PBXGroup;
			children = (
				B27CEDDA20ECFF09008911BF /* View */,
				B27CEDDC20ECFF32008911BF /* ViewModel */,
				B27CEDDB20ECFF17008911BF /* Model */,
				B27CEDD520ECB890008911BF /* Network */,
			);
			path = MainView;
			sourceTree = "<group>";
		};
		B20FF24A21FDE68B00DD0FBD /* DetailsView */ = {
			isa = PBXGroup;
			children = (
				B20FF24B21FDE69F00DD0FBD /* View */,
				B20FF24C21FDE6AE00DD0FBD /* ViewModel */,
				B20FF24D21FDE6B900DD0FBD /* Model */,
				B20FF24E21FDE6E900DD0FBD /*  Network */,
			);
			path = DetailsView;
			sourceTree = "<group>";
		};
		B20FF24B21FDE69F00DD0FBD /* View */ = {
			isa = PBXGroup;
			children = (
				B27CEDCC20ECA670008911BF /* CoinsDetailsVC.swift */,
			);
			path = View;
			sourceTree = "<group>";
		};
		B20FF24C21FDE6AE00DD0FBD /* ViewModel */ = {
			isa = PBXGroup;
			children = (
			);
			path = ViewModel;
			sourceTree = "<group>";
		};
		B20FF24D21FDE6B900DD0FBD /* Model */ = {
			isa = PBXGroup;
			children = (
			);
			path = Model;
			sourceTree = "<group>";
		};
		B20FF24E21FDE6E900DD0FBD /*  Network */ = {
			isa = PBXGroup;
			children = (
			);
			path = " Network";
			sourceTree = "<group>";
		};
		B27CEDA820ECA5E0008911BF = {
			isa = PBXGroup;
			children = (
				B27CEDB320ECA5E0008911BF /* CoinsCap_MVVM */,
				B29E59CA2203772B005F7E11 /* CoinsCap_MVVMTests */,
				B27CEDB220ECA5E0008911BF /* Products */,
				89D46482D29D45AA749D7534 /* Pods */,
				2F10492335D7AD56CFE4222E /* Frameworks */,
			);
			sourceTree = "<group>";
		};
		B27CEDB220ECA5E0008911BF /* Products */ = {
			isa = PBXGroup;
			children = (
				B27CEDB120ECA5E0008911BF /* CoinsCap_MVVM.app */,
				B29E59C92203772B005F7E11 /* CoinsCap_MVVMTests.xctest */,
			);
			name = Products;
			sourceTree = "<group>";
		};
		B27CEDB320ECA5E0008911BF /* CoinsCap_MVVM */ = {
			isa = PBXGroup;
			children = (
				B29E59D822037AAE005F7E11 /* Mock */,
				B284C1EF2200E1D300B3E572 /* Coordinators */,
				B284C1F92200EF1800B3E572 /* Views */,
				B27CEDC720ECA626008911BF /* Storyboards */,
				B27CEDC820ECA633008911BF /* Resources */,
				B20FF24021FDC19000DD0FBD /* Helpers */,
			);
			path = CoinsCap_MVVM;
			sourceTree = "<group>";
		};
		B27CEDC720ECA626008911BF /* Storyboards */ = {
			isa = PBXGroup;
			children = (
				B27CEDBD20ECA5E6008911BF /* LaunchScreen.storyboard */,
				B27CEDC920ECA65B008911BF /* Main.storyboard */,
			);
			path = Storyboards;
			sourceTree = "<group>";
		};
		B27CEDC820ECA633008911BF /* Resources */ = {
			isa = PBXGroup;
			children = (
				B284C1F42200E45100B3E572 /* Fonts */,
				B27CEDC020ECA5E6008911BF /* Info.plist */,
				B27CEDBB20ECA5E6008911BF /* Assets.xcassets */,
				B27CEDB420ECA5E0008911BF /* AppDelegate.swift */,
			);
			path = Resources;
			sourceTree = "<group>";
		};
		B27CEDD520ECB890008911BF /* Network */ = {
			isa = PBXGroup;
			children = (
				B27CEDD820ECBAB4008911BF /* WebService.swift */,
			);
			path = Network;
			sourceTree = "<group>";
		};
		B27CEDDA20ECFF09008911BF /* View */ = {
			isa = PBXGroup;
			children = (
				B27CEDCB20ECA670008911BF /* MainViewVC.swift */,
				B20FF24F21FDE74300DD0FBD /* MainView.swift */,
				B284C1F72200EAEE00B3E572 /* MainViewTableCell.swift */,
			);
			path = View;
			sourceTree = "<group>";
		};
		B27CEDDB20ECFF17008911BF /* Model */ = {
			isa = PBXGroup;
			children = (
				B27CEDCD20ECA670008911BF /* Coin.swift */,
			);
			path = Model;
			sourceTree = "<group>";
		};
		B27CEDDC20ECFF32008911BF /* ViewModel */ = {
			isa = PBXGroup;
			children = (
				B27CEDD320ECAF01008911BF /* MainViewViewModel.swift */,
			);
			path = ViewModel;
			sourceTree = "<group>";
		};
		B284C1EF2200E1D300B3E572 /* Coordinators */ = {
			isa = PBXGroup;
			children = (
				B284C1F02200E20C00B3E572 /* ApplicationCoordinator.swift */,
				B284C1F22200E2C700B3E572 /* DashboardFlowController.swift */,
			);
			path = Coordinators;
			sourceTree = "<group>";
		};
		B284C1F42200E45100B3E572 /* Fonts */ = {
			isa = PBXGroup;
			children = (
				B20FF24321FDC23A00DD0FBD /* Fonts.swift */,
				B284C1F52200E46500B3E572 /* Roboto-Bold.ttf */,
			);
			path = Fonts;
			sourceTree = "<group>";
		};
		B284C1F92200EF1800B3E572 /* Views */ = {
			isa = PBXGroup;
			children = (
				B20FF24921FDE67700DD0FBD /* MainView */,
				B20FF24A21FDE68B00DD0FBD /* DetailsView */,
			);
			path = Views;
			sourceTree = "<group>";
		};
		B29E59CA2203772B005F7E11 /* CoinsCap_MVVMTests */ = {
			isa = PBXGroup;
			children = (
				B29E59D3220377D1005F7E11 /* ViewModel */,
				B29E59D4220377DB005F7E11 /* WebService */,
				B29E59CD2203772B005F7E11 /* Info.plist */,
				B29E59D5220379F4005F7E11 /* CoinsCap_MVVMTests-Bridging-Header.h */,
			);
			path = CoinsCap_MVVMTests;
			sourceTree = "<group>";
		};
		B29E59D3220377D1005F7E11 /* ViewModel */ = {
			isa = PBXGroup;
			children = (
				B29E59D6220379F4005F7E11 /* MainViewModelTest.swift */,
			);
			path = ViewModel;
			sourceTree = "<group>";
		};
		B29E59D4220377DB005F7E11 /* WebService */ = {
			isa = PBXGroup;
			children = (
				B29E59DD22038611005F7E11 /* WebServiceTest.swift */,
			);
			path = WebService;
			sourceTree = "<group>";
		};
		B29E59D822037AAE005F7E11 /* Mock */ = {
			isa = PBXGroup;
			children = (
				B29E59D922037AD3005F7E11 /* WebServiceMock.swift */,
			);
			path = Mock;
			sourceTree = "<group>";
		};
/* End PBXGroup section */

/* Begin PBXNativeTarget section */
		B27CEDB020ECA5E0008911BF /* CoinsCap_MVVM */ = {
			isa = PBXNativeTarget;
			buildConfigurationList = B27CEDC320ECA5E6008911BF /* Build configuration list for PBXNativeTarget "CoinsCap_MVVM" */;
			buildPhases = (
				2C2E9CD8933680378CD20544 /* [CP] Check Pods Manifest.lock */,
				B27CEDAD20ECA5E0008911BF /* Sources */,
				B27CEDAE20ECA5E0008911BF /* Frameworks */,
				B27CEDAF20ECA5E0008911BF /* Resources */,
				8F46CDED669F77F238827142 /* [CP] Embed Pods Frameworks */,
			);
			buildRules = (
			);
			dependencies = (
			);
			name = CoinsCap_MVVM;
			productName = CoinsCap_MVVM;
			productReference = B27CEDB120ECA5E0008911BF /* CoinsCap_MVVM.app */;
			productType = "com.apple.product-type.application";
		};
		B29E59C82203772B005F7E11 /* CoinsCap_MVVMTests */ = {
			isa = PBXNativeTarget;
			buildConfigurationList = B29E59D22203772B005F7E11 /* Build configuration list for PBXNativeTarget "CoinsCap_MVVMTests" */;
			buildPhases = (
				B524BEC9DB321740AFF0B113 /* [CP] Check Pods Manifest.lock */,
				B29E59C52203772B005F7E11 /* Sources */,
				B29E59C62203772B005F7E11 /* Frameworks */,
				B29E59C72203772B005F7E11 /* Resources */,
				058E8D5797A65EB9C10BDD50 /* [CP] Embed Pods Frameworks */,
			);
			buildRules = (
			);
			dependencies = (
				B29E59CF2203772B005F7E11 /* PBXTargetDependency */,
			);
			name = CoinsCap_MVVMTests;
			productName = CoinsCap_MVVMTests;
			productReference = B29E59C92203772B005F7E11 /* CoinsCap_MVVMTests.xctest */;
			productType = "com.apple.product-type.bundle.unit-test";
		};
/* End PBXNativeTarget section */

/* Begin PBXProject section */
		B27CEDA920ECA5E0008911BF /* Project object */ = {
			isa = PBXProject;
			attributes = {
				LastSwiftUpdateCheck = 1010;
				LastUpgradeCheck = 0940;
				ORGANIZATIONNAME = "Grzegorz Kwasniewski";
				TargetAttributes = {
					B27CEDB020ECA5E0008911BF = {
						CreatedOnToolsVersion = 9.4.1;
					};
					B29E59C82203772B005F7E11 = {
						CreatedOnToolsVersion = 10.1;
						LastSwiftMigration = 1010;
						TestTargetID = B27CEDB020ECA5E0008911BF;
					};
				};
			};
			buildConfigurationList = B27CEDAC20ECA5E0008911BF /* Build configuration list for PBXProject "CoinsCap_MVVM" */;
			compatibilityVersion = "Xcode 9.3";
			developmentRegion = en;
			hasScannedForEncodings = 0;
			knownRegions = (
				en,
				Base,
			);
			mainGroup = B27CEDA820ECA5E0008911BF;
			productRefGroup = B27CEDB220ECA5E0008911BF /* Products */;
			projectDirPath = "";
			projectRoot = "";
			targets = (
				B27CEDB020ECA5E0008911BF /* CoinsCap_MVVM */,
				B29E59C82203772B005F7E11 /* CoinsCap_MVVMTests */,
			);
		};
/* End PBXProject section */

/* Begin PBXResourcesBuildPhase section */
		B27CEDAF20ECA5E0008911BF /* Resources */ = {
			isa = PBXResourcesBuildPhase;
			buildActionMask = 2147483647;
			files = (
				B27CEDBF20ECA5E6008911BF /* LaunchScreen.storyboard in Resources */,
				B27CEDBC20ECA5E6008911BF /* Assets.xcassets in Resources */,
				B284C1F62200E46900B3E572 /* Roboto-Bold.ttf in Resources */,
				B27CEDCA20ECA65B008911BF /* Main.storyboard in Resources */,
			);
			runOnlyForDeploymentPostprocessing = 0;
		};
		B29E59C72203772B005F7E11 /* Resources */ = {
			isa = PBXResourcesBuildPhase;
			buildActionMask = 2147483647;
			files = (
			);
			runOnlyForDeploymentPostprocessing = 0;
		};
/* End PBXResourcesBuildPhase section */

/* Begin PBXShellScriptBuildPhase section */
		058E8D5797A65EB9C10BDD50 /* [CP] Embed Pods Frameworks */ = {
			isa = PBXShellScriptBuildPhase;
			buildActionMask = 2147483647;
			files = (
			);
			inputFileListPaths = (
			);
			inputPaths = (
				"${SRCROOT}/Pods/Target Support Files/Pods-CoinsCap_MVVMTests/Pods-CoinsCap_MVVMTests-frameworks.sh",
				"${BUILT_PRODUCTS_DIR}/Nimble/Nimble.framework",
				"${BUILT_PRODUCTS_DIR}/Quick/Quick.framework",
			);
			name = "[CP] Embed Pods Frameworks";
			outputFileListPaths = (
			);
			outputPaths = (
				"${TARGET_BUILD_DIR}/${FRAMEWORKS_FOLDER_PATH}/Nimble.framework",
				"${TARGET_BUILD_DIR}/${FRAMEWORKS_FOLDER_PATH}/Quick.framework",
			);
			runOnlyForDeploymentPostprocessing = 0;
			shellPath = /bin/sh;
			shellScript = "\"${SRCROOT}/Pods/Target Support Files/Pods-CoinsCap_MVVMTests/Pods-CoinsCap_MVVMTests-frameworks.sh\"\n";
			showEnvVarsInLog = 0;
		};
		2C2E9CD8933680378CD20544 /* [CP] Check Pods Manifest.lock */ = {
			isa = PBXShellScriptBuildPhase;
			buildActionMask = 2147483647;
			files = (
			);
			inputPaths = (
				"${PODS_PODFILE_DIR_PATH}/Podfile.lock",
				"${PODS_ROOT}/Manifest.lock",
			);
			name = "[CP] Check Pods Manifest.lock";
			outputPaths = (
				"$(DERIVED_FILE_DIR)/Pods-CoinsCap_MVVM-checkManifestLockResult.txt",
			);
			runOnlyForDeploymentPostprocessing = 0;
			shellPath = /bin/sh;
			shellScript = "diff \"${PODS_PODFILE_DIR_PATH}/Podfile.lock\" \"${PODS_ROOT}/Manifest.lock\" > /dev/null\nif [ $? != 0 ] ; then\n    # print error to STDERR\n    echo \"error: The sandbox is not in sync with the Podfile.lock. Run 'pod install' or update your CocoaPods installation.\" >&2\n    exit 1\nfi\n# This output is used by Xcode 'outputs' to avoid re-running this script phase.\necho \"SUCCESS\" > \"${SCRIPT_OUTPUT_FILE_0}\"\n";
			showEnvVarsInLog = 0;
		};
		8F46CDED669F77F238827142 /* [CP] Embed Pods Frameworks */ = {
			isa = PBXShellScriptBuildPhase;
			buildActionMask = 2147483647;
			files = (
			);
			inputFileListPaths = (
			);
			inputPaths = (
				"${SRCROOT}/Pods/Target Support Files/Pods-CoinsCap_MVVM/Pods-CoinsCap_MVVM-frameworks.sh",
				"${BUILT_PRODUCTS_DIR}/Alamofire/Alamofire.framework",
				"${BUILT_PRODUCTS_DIR}/AlamofireObjectMapper/AlamofireObjectMapper.framework",
				"${BUILT_PRODUCTS_DIR}/ObjectMapper/ObjectMapper.framework",
				"${BUILT_PRODUCTS_DIR}/RxAtomic/RxAtomic.framework",
				"${BUILT_PRODUCTS_DIR}/RxCocoa/RxCocoa.framework",
				"${BUILT_PRODUCTS_DIR}/RxSwift/RxSwift.framework",
				"${BUILT_PRODUCTS_DIR}/SnapKit/SnapKit.framework",
			);
			name = "[CP] Embed Pods Frameworks";
			outputFileListPaths = (
			);
			outputPaths = (
				"${TARGET_BUILD_DIR}/${FRAMEWORKS_FOLDER_PATH}/Alamofire.framework",
				"${TARGET_BUILD_DIR}/${FRAMEWORKS_FOLDER_PATH}/AlamofireObjectMapper.framework",
				"${TARGET_BUILD_DIR}/${FRAMEWORKS_FOLDER_PATH}/ObjectMapper.framework",
				"${TARGET_BUILD_DIR}/${FRAMEWORKS_FOLDER_PATH}/RxAtomic.framework",
				"${TARGET_BUILD_DIR}/${FRAMEWORKS_FOLDER_PATH}/RxCocoa.framework",
				"${TARGET_BUILD_DIR}/${FRAMEWORKS_FOLDER_PATH}/RxSwift.framework",
				"${TARGET_BUILD_DIR}/${FRAMEWORKS_FOLDER_PATH}/SnapKit.framework",
			);
			runOnlyForDeploymentPostprocessing = 0;
			shellPath = /bin/sh;
			shellScript = "\"${SRCROOT}/Pods/Target Support Files/Pods-CoinsCap_MVVM/Pods-CoinsCap_MVVM-frameworks.sh\"\n";
			showEnvVarsInLog = 0;
		};
		B524BEC9DB321740AFF0B113 /* [CP] Check Pods Manifest.lock */ = {
			isa = PBXShellScriptBuildPhase;
			buildActionMask = 2147483647;
			files = (
			);
			inputFileListPaths = (
			);
			inputPaths = (
				"${PODS_PODFILE_DIR_PATH}/Podfile.lock",
				"${PODS_ROOT}/Manifest.lock",
			);
			name = "[CP] Check Pods Manifest.lock";
			outputFileListPaths = (
			);
			outputPaths = (
				"$(DERIVED_FILE_DIR)/Pods-CoinsCap_MVVMTests-checkManifestLockResult.txt",
			);
			runOnlyForDeploymentPostprocessing = 0;
			shellPath = /bin/sh;
			shellScript = "diff \"${PODS_PODFILE_DIR_PATH}/Podfile.lock\" \"${PODS_ROOT}/Manifest.lock\" > /dev/null\nif [ $? != 0 ] ; then\n    # print error to STDERR\n    echo \"error: The sandbox is not in sync with the Podfile.lock. Run 'pod install' or update your CocoaPods installation.\" >&2\n    exit 1\nfi\n# This output is used by Xcode 'outputs' to avoid re-running this script phase.\necho \"SUCCESS\" > \"${SCRIPT_OUTPUT_FILE_0}\"\n";
			showEnvVarsInLog = 0;
		};
/* End PBXShellScriptBuildPhase section */

/* Begin PBXSourcesBuildPhase section */
		B27CEDAD20ECA5E0008911BF /* Sources */ = {
			isa = PBXSourcesBuildPhase;
			buildActionMask = 2147483647;
			files = (
				B20FF24221FDC1AE00DD0FBD /* String+Ext.swift in Sources */,
				B284C1F32200E2C700B3E572 /* DashboardFlowController.swift in Sources */,
				B20FF25021FDE74300DD0FBD /* MainView.swift in Sources */,
				B20FF24621FDC2CE00DD0FBD /* Colors.swift in Sources */,
				B20FF24821FDC41A00DD0FBD /* UIViewController+Ext.swift in Sources */,
				B27CEDCE20ECA670008911BF /* MainViewVC.swift in Sources */,
				B27CEDD920ECBAB4008911BF /* WebService.swift in Sources */,
				B27CEDCF20ECA670008911BF /* CoinsDetailsVC.swift in Sources */,
				B29E59DA22037AD3005F7E11 /* WebServiceMock.swift in Sources */,
				B27CEDD020ECA670008911BF /* Coin.swift in Sources */,
				B20FF24421FDC23A00DD0FBD /* Fonts.swift in Sources */,
				B284C1F82200EAEE00B3E572 /* MainViewTableCell.swift in Sources */,
				B27CEDD420ECAF01008911BF /* MainViewViewModel.swift in Sources */,
				B29E59DC22037CAD005F7E11 /* Errors.swift in Sources */,
				B284C1EE2200DF1500B3E572 /* View+Ext.swift in Sources */,
				B27CEDB520ECA5E0008911BF /* AppDelegate.swift in Sources */,
				B284C1F12200E20C00B3E572 /* ApplicationCoordinator.swift in Sources */,
			);
			runOnlyForDeploymentPostprocessing = 0;
		};
		B29E59C52203772B005F7E11 /* Sources */ = {
			isa = PBXSourcesBuildPhase;
			buildActionMask = 2147483647;
			files = (
				B29E59DE22038611005F7E11 /* WebServiceTest.swift in Sources */,
				B29E59D7220379F4005F7E11 /* MainViewModelTest.swift in Sources */,
			);
			runOnlyForDeploymentPostprocessing = 0;
		};
/* End PBXSourcesBuildPhase section */

/* Begin PBXTargetDependency section */
		B29E59CF2203772B005F7E11 /* PBXTargetDependency */ = {
			isa = PBXTargetDependency;
			target = B27CEDB020ECA5E0008911BF /* CoinsCap_MVVM */;
			targetProxy = B29E59CE2203772B005F7E11 /* PBXContainerItemProxy */;
		};
/* End PBXTargetDependency section */

/* Begin PBXVariantGroup section */
		B27CEDBD20ECA5E6008911BF /* LaunchScreen.storyboard */ = {
			isa = PBXVariantGroup;
			children = (
				B27CEDBE20ECA5E6008911BF /* Base */,
			);
			name = LaunchScreen.storyboard;
			sourceTree = "<group>";
		};
/* End PBXVariantGroup section */

/* Begin XCBuildConfiguration section */
		B27CEDC120ECA5E6008911BF /* Debug */ = {
			isa = XCBuildConfiguration;
			buildSettings = {
				ALWAYS_SEARCH_USER_PATHS = NO;
				CLANG_ANALYZER_NONNULL = YES;
				CLANG_ANALYZER_NUMBER_OBJECT_CONVERSION = YES_AGGRESSIVE;
				CLANG_CXX_LANGUAGE_STANDARD = "gnu++14";
				CLANG_CXX_LIBRARY = "libc++";
				CLANG_ENABLE_MODULES = YES;
				CLANG_ENABLE_OBJC_ARC = YES;
				CLANG_ENABLE_OBJC_WEAK = YES;
				CLANG_WARN_BLOCK_CAPTURE_AUTORELEASING = YES;
				CLANG_WARN_BOOL_CONVERSION = YES;
				CLANG_WARN_COMMA = YES;
				CLANG_WARN_CONSTANT_CONVERSION = YES;
				CLANG_WARN_DEPRECATED_OBJC_IMPLEMENTATIONS = YES;
				CLANG_WARN_DIRECT_OBJC_ISA_USAGE = YES_ERROR;
				CLANG_WARN_DOCUMENTATION_COMMENTS = YES;
				CLANG_WARN_EMPTY_BODY = YES;
				CLANG_WARN_ENUM_CONVERSION = YES;
				CLANG_WARN_INFINITE_RECURSION = YES;
				CLANG_WARN_INT_CONVERSION = YES;
				CLANG_WARN_NON_LITERAL_NULL_CONVERSION = YES;
				CLANG_WARN_OBJC_IMPLICIT_RETAIN_SELF = YES;
				CLANG_WARN_OBJC_LITERAL_CONVERSION = YES;
				CLANG_WARN_OBJC_ROOT_CLASS = YES_ERROR;
				CLANG_WARN_RANGE_LOOP_ANALYSIS = YES;
				CLANG_WARN_STRICT_PROTOTYPES = YES;
				CLANG_WARN_SUSPICIOUS_MOVE = YES;
				CLANG_WARN_UNGUARDED_AVAILABILITY = YES_AGGRESSIVE;
				CLANG_WARN_UNREACHABLE_CODE = YES;
				CLANG_WARN__DUPLICATE_METHOD_MATCH = YES;
				CODE_SIGN_IDENTITY = "iPhone Developer";
				COPY_PHASE_STRIP = NO;
				DEBUG_INFORMATION_FORMAT = dwarf;
				ENABLE_STRICT_OBJC_MSGSEND = YES;
				ENABLE_TESTABILITY = YES;
				GCC_C_LANGUAGE_STANDARD = gnu11;
				GCC_DYNAMIC_NO_PIC = NO;
				GCC_NO_COMMON_BLOCKS = YES;
				GCC_OPTIMIZATION_LEVEL = 0;
				GCC_PREPROCESSOR_DEFINITIONS = (
					"DEBUG=1",
					"$(inherited)",
				);
				GCC_WARN_64_TO_32_BIT_CONVERSION = YES;
				GCC_WARN_ABOUT_RETURN_TYPE = YES_ERROR;
				GCC_WARN_UNDECLARED_SELECTOR = YES;
				GCC_WARN_UNINITIALIZED_AUTOS = YES_AGGRESSIVE;
				GCC_WARN_UNUSED_FUNCTION = YES;
				GCC_WARN_UNUSED_VARIABLE = YES;
				IPHONEOS_DEPLOYMENT_TARGET = 11.4;
				MTL_ENABLE_DEBUG_INFO = YES;
				ONLY_ACTIVE_ARCH = YES;
				SDKROOT = iphoneos;
				SWIFT_ACTIVE_COMPILATION_CONDITIONS = DEBUG;
				SWIFT_OPTIMIZATION_LEVEL = "-Onone";
			};
			name = Debug;
		};
		B27CEDC220ECA5E6008911BF /* Release */ = {
			isa = XCBuildConfiguration;
			buildSettings = {
				ALWAYS_SEARCH_USER_PATHS = NO;
				CLANG_ANALYZER_NONNULL = YES;
				CLANG_ANALYZER_NUMBER_OBJECT_CONVERSION = YES_AGGRESSIVE;
				CLANG_CXX_LANGUAGE_STANDARD = "gnu++14";
				CLANG_CXX_LIBRARY = "libc++";
				CLANG_ENABLE_MODULES = YES;
				CLANG_ENABLE_OBJC_ARC = YES;
				CLANG_ENABLE_OBJC_WEAK = YES;
				CLANG_WARN_BLOCK_CAPTURE_AUTORELEASING = YES;
				CLANG_WARN_BOOL_CONVERSION = YES;
				CLANG_WARN_COMMA = YES;
				CLANG_WARN_CONSTANT_CONVERSION = YES;
				CLANG_WARN_DEPRECATED_OBJC_IMPLEMENTATIONS = YES;
				CLANG_WARN_DIRECT_OBJC_ISA_USAGE = YES_ERROR;
				CLANG_WARN_DOCUMENTATION_COMMENTS = YES;
				CLANG_WARN_EMPTY_BODY = YES;
				CLANG_WARN_ENUM_CONVERSION = YES;
				CLANG_WARN_INFINITE_RECURSION = YES;
				CLANG_WARN_INT_CONVERSION = YES;
				CLANG_WARN_NON_LITERAL_NULL_CONVERSION = YES;
				CLANG_WARN_OBJC_IMPLICIT_RETAIN_SELF = YES;
				CLANG_WARN_OBJC_LITERAL_CONVERSION = YES;
				CLANG_WARN_OBJC_ROOT_CLASS = YES_ERROR;
				CLANG_WARN_RANGE_LOOP_ANALYSIS = YES;
				CLANG_WARN_STRICT_PROTOTYPES = YES;
				CLANG_WARN_SUSPICIOUS_MOVE = YES;
				CLANG_WARN_UNGUARDED_AVAILABILITY = YES_AGGRESSIVE;
				CLANG_WARN_UNREACHABLE_CODE = YES;
				CLANG_WARN__DUPLICATE_METHOD_MATCH = YES;
				CODE_SIGN_IDENTITY = "iPhone Developer";
				COPY_PHASE_STRIP = NO;
				DEBUG_INFORMATION_FORMAT = "dwarf-with-dsym";
				ENABLE_NS_ASSERTIONS = NO;
				ENABLE_STRICT_OBJC_MSGSEND = YES;
				GCC_C_LANGUAGE_STANDARD = gnu11;
				GCC_NO_COMMON_BLOCKS = YES;
				GCC_WARN_64_TO_32_BIT_CONVERSION = YES;
				GCC_WARN_ABOUT_RETURN_TYPE = YES_ERROR;
				GCC_WARN_UNDECLARED_SELECTOR = YES;
				GCC_WARN_UNINITIALIZED_AUTOS = YES_AGGRESSIVE;
				GCC_WARN_UNUSED_FUNCTION = YES;
				GCC_WARN_UNUSED_VARIABLE = YES;
				IPHONEOS_DEPLOYMENT_TARGET = 11.4;
				MTL_ENABLE_DEBUG_INFO = NO;
				SDKROOT = iphoneos;
				SWIFT_COMPILATION_MODE = wholemodule;
				SWIFT_OPTIMIZATION_LEVEL = "-O";
				VALIDATE_PRODUCT = YES;
			};
			name = Release;
		};
		B27CEDC420ECA5E6008911BF /* Debug */ = {
			isa = XCBuildConfiguration;
			baseConfigurationReference = 41BCE05825F916F9D360A412 /* Pods-CoinsCap_MVVM.debug.xcconfig */;
			buildSettings = {
				ASSETCATALOG_COMPILER_APPICON_NAME = AppIcon;
				CODE_SIGN_STYLE = Automatic;
				DEVELOPMENT_TEAM = 7K692Z62S3;
				INFOPLIST_FILE = "$(SRCROOT)/CoinsCap_MVVM/Resources/Info.plist";
				LD_RUNPATH_SEARCH_PATHS = (
					"$(inherited)",
					"@executable_path/Frameworks",
				);
				PRODUCT_BUNDLE_IDENTIFIER = "com.devmobile.CoinsCap-MVVM";
				PRODUCT_NAME = "$(TARGET_NAME)";
				SWIFT_VERSION = 4.0;
				TARGETED_DEVICE_FAMILY = "1,2";
			};
			name = Debug;
		};
		B27CEDC520ECA5E6008911BF /* Release */ = {
			isa = XCBuildConfiguration;
			baseConfigurationReference = EB1F7C9EB022B94CEDFC603C /* Pods-CoinsCap_MVVM.release.xcconfig */;
			buildSettings = {
				ASSETCATALOG_COMPILER_APPICON_NAME = AppIcon;
				CODE_SIGN_STYLE = Automatic;
				DEVELOPMENT_TEAM = 7K692Z62S3;
				INFOPLIST_FILE = "$(SRCROOT)/CoinsCap_MVVM/Resources/Info.plist";
				LD_RUNPATH_SEARCH_PATHS = (
					"$(inherited)",
					"@executable_path/Frameworks",
				);
				PRODUCT_BUNDLE_IDENTIFIER = "com.devmobile.CoinsCap-MVVM";
				PRODUCT_NAME = "$(TARGET_NAME)";
				SWIFT_VERSION = 4.0;
				TARGETED_DEVICE_FAMILY = "1,2";
			};
			name = Release;
		};
		B29E59D02203772B005F7E11 /* Debug */ = {
			isa = XCBuildConfiguration;
			baseConfigurationReference = 1C15F0C6221DC3EDEDDE803F /* Pods-CoinsCap_MVVMTests.debug.xcconfig */;
			buildSettings = {
				BUNDLE_LOADER = "$(TEST_HOST)";
				CLANG_ENABLE_MODULES = YES;
				CODE_SIGN_STYLE = Automatic;
				DEVELOPMENT_TEAM = 7K692Z62S3;
				INFOPLIST_FILE = CoinsCap_MVVMTests/Info.plist;
				IPHONEOS_DEPLOYMENT_TARGET = 12.1;
				LD_RUNPATH_SEARCH_PATHS = (
					"$(inherited)",
					"@executable_path/Frameworks",
					"@loader_path/Frameworks",
				);
				MTL_ENABLE_DEBUG_INFO = INCLUDE_SOURCE;
				MTL_FAST_MATH = YES;
				PRODUCT_BUNDLE_IDENTIFIER = "com.devmobile.CoinsCap-MVVMTests";
				PRODUCT_NAME = "$(TARGET_NAME)";
				SWIFT_OBJC_BRIDGING_HEADER = "CoinsCap_MVVMTests/CoinsCap_MVVMTests-Bridging-Header.h";
				SWIFT_OPTIMIZATION_LEVEL = "-Onone";
				SWIFT_VERSION = 4.2;
				TARGETED_DEVICE_FAMILY = "1,2";
				TEST_HOST = "$(BUILT_PRODUCTS_DIR)/CoinsCap_MVVM.app/CoinsCap_MVVM";
			};
			name = Debug;
		};
		B29E59D12203772B005F7E11 /* Release */ = {
			isa = XCBuildConfiguration;
			baseConfigurationReference = D807D559C75A0F71676A82BE /* Pods-CoinsCap_MVVMTests.release.xcconfig */;
			buildSettings = {
				BUNDLE_LOADER = "$(TEST_HOST)";
				CLANG_ENABLE_MODULES = YES;
				CODE_SIGN_STYLE = Automatic;
				DEVELOPMENT_TEAM = 7K692Z62S3;
				INFOPLIST_FILE = CoinsCap_MVVMTests/Info.plist;
				IPHONEOS_DEPLOYMENT_TARGET = 12.1;
				LD_RUNPATH_SEARCH_PATHS = (
					"$(inherited)",
					"@executable_path/Frameworks",
					"@loader_path/Frameworks",
				);
				MTL_FAST_MATH = YES;
				PRODUCT_BUNDLE_IDENTIFIER = "com.devmobile.CoinsCap-MVVMTests";
				PRODUCT_NAME = "$(TARGET_NAME)";
				SWIFT_OBJC_BRIDGING_HEADER = "CoinsCap_MVVMTests/CoinsCap_MVVMTests-Bridging-Header.h";
				SWIFT_VERSION = 4.2;
				TARGETED_DEVICE_FAMILY = "1,2";
				TEST_HOST = "$(BUILT_PRODUCTS_DIR)/CoinsCap_MVVM.app/CoinsCap_MVVM";
			};
			name = Release;
		};
/* End XCBuildConfiguration section */

/* Begin XCConfigurationList section */
		B27CEDAC20ECA5E0008911BF /* Build configuration list for PBXProject "CoinsCap_MVVM" */ = {
			isa = XCConfigurationList;
			buildConfigurations = (
				B27CEDC120ECA5E6008911BF /* Debug */,
				B27CEDC220ECA5E6008911BF /* Release */,
			);
			defaultConfigurationIsVisible = 0;
			defaultConfigurationName = Release;
		};
		B27CEDC320ECA5E6008911BF /* Build configuration list for PBXNativeTarget "CoinsCap_MVVM" */ = {
			isa = XCConfigurationList;
			buildConfigurations = (
				B27CEDC420ECA5E6008911BF /* Debug */,
				B27CEDC520ECA5E6008911BF /* Release */,
			);
			defaultConfigurationIsVisible = 0;
			defaultConfigurationName = Release;
		};
		B29E59D22203772B005F7E11 /* Build configuration list for PBXNativeTarget "CoinsCap_MVVMTests" */ = {
			isa = XCConfigurationList;
			buildConfigurations = (
				B29E59D02203772B005F7E11 /* Debug */,
				B29E59D12203772B005F7E11 /* Release */,
			);
			defaultConfigurationIsVisible = 0;
			defaultConfigurationName = Release;
		};
/* End XCConfigurationList section */
	};
	rootObject = B27CEDA920ECA5E0008911BF /* Project object */;
}
